
Microsoft Visual Studio Solution File, Format Version 12.00
# Visual Studio Version 16
VisualStudioVersion = 16.0.32228.343
MinimumVisualStudioVersion = 10.0.40219.1
Project("{FAE04EC0-301F-11D3-BF4B-00C04F79EFBC}") = "App03_LayoutXF.UWP", "App03_LayoutXF\App03_LayoutXF.UWP\App03_LayoutXF.UWP.csproj", "{2704088C-ECAE-4781-BB4E-594B9641EE43}"
EndProject
Project("{FAE04EC0-301F-11D3-BF4B-00C04F79EFBC}") = "App03_LayoutXF.Android", "App03_LayoutXF\App03_LayoutXF.Android\App03_LayoutXF.Android.csproj", "{0F9335AB-C8AF-4018-A184-929C0A8F7329}"
EndProject
Project("{FAE04EC0-301F-11D3-BF4B-00C04F79EFBC}") = "App03_LayoutXF.iOS", "App03_LayoutXF\App03_LayoutXF.iOS\App03_LayoutXF.iOS.csproj", "{6C727B07-7C27-420B-A62E-94D7FC910263}"
EndProject
Project("{FAE04EC0-301F-11D3-BF4B-00C04F79EFBC}") = "App03_LayoutXF", "App03_LayoutXF\App03_LayoutXF\App03_LayoutXF.csproj", "{11BA0DA4-3BB3-453B-B9D6-10B418EA8A62}"
EndProject
Global
	GlobalSection(SolutionConfigurationPlatforms) = preSolution
		Debug|Any CPU = Debug|Any CPU
		Debug|ARM = Debug|ARM
		Debug|iPhone = Debug|iPhone
		Debug|iPhoneSimulator = Debug|iPhoneSimulator
		Debug|x64 = Debug|x64
		Debug|x86 = Debug|x86
		Release|Any CPU = Release|Any CPU
		Release|ARM = Release|ARM
		Release|iPhone = Release|iPhone
		Release|iPhoneSimulator = Release|iPhoneSimulator
		Release|x64 = Release|x64
		Release|x86 = Release|x86
	EndGlobalSection
	GlobalSection(ProjectConfigurationPlatforms) = postSolution
		{2704088C-ECAE-4781-BB4E-594B9641EE43}.Debug|Any CPU.ActiveCfg = Debug|x86
		{2704088C-ECAE-4781-BB4E-594B9641EE43}.Debug|Any CPU.Build.0 = Debug|x86
		{2704088C-ECAE-4781-BB4E-594B9641EE43}.Debug|Any CPU.Deploy.0 = Debug|x86
		{2704088C-ECAE-4781-BB4E-594B9641EE43}.Debug|ARM.ActiveCfg = Debug|ARM
		{2704088C-ECAE-4781-BB4E-594B9641EE43}.Debug|ARM.Build.0 = Debug|ARM
		{2704088C-ECAE-4781-BB4E-594B9641EE43}.Debug|ARM.Deploy.0 = Debug|ARM
		{2704088C-ECAE-4781-BB4E-594B9641EE43}.Debug|iPhone.ActiveCfg = Debug|x86
		{2704088C-ECAE-4781-BB4E-594B9641EE43}.Debug|iPhone.Build.0 = Debug|x86
		{2704088C-ECAE-4781-BB4E-594B9641EE43}.Debug|iPhone.Deploy.0 = Debug|x86
		{2704088C-ECAE-4781-BB4E-594B9641EE43}.Debug|iPhoneSimulator.ActiveCfg = Debug|x86
		{2704088C-ECAE-4781-BB4E-594B9641EE43}.Debug|iPhoneSimulator.Build.0 = Debug|x86
		{2704088C-ECAE-4781-BB4E-594B9641EE43}.Debug|iPhoneSimulator.Deploy.0 = Debug|x86
		{2704088C-ECAE-4781-BB4E-594B9641EE43}.Debug|x64.ActiveCfg = Debug|x64
		{2704088C-ECAE-4781-BB4E-594B9641EE43}.Debug|x64.Build.0 = Debug|x64
		{2704088C-ECAE-4781-BB4E-594B9641EE43}.Debug|x64.Deploy.0 = Debug|x64
		{2704088C-ECAE-4781-BB4E-594B9641EE43}.Debug|x86.ActiveCfg = Debug|x86
		{2704088C-ECAE-4781-BB4E-594B9641EE43}.Debug|x86.Build.0 = Debug|x86
		{2704088C-ECAE-4781-BB4E-594B9641EE43}.Debug|x86.Deploy.0 = Debug|x86
		{2704088C-ECAE-4781-BB4E-594B9641EE43}.Release|Any CPU.ActiveCfg = Release|x86
		{2704088C-ECAE-4781-BB4E-594B9641EE43}.Release|Any CPU.Build.0 = Release|x86
		{2704088C-ECAE-4781-BB4E-594B9641EE43}.Release|Any CPU.Deploy.0 = Release|x86
		{2704088C-ECAE-4781-BB4E-594B9641EE43}.Release|ARM.ActiveCfg = Release|ARM
		{2704088C-ECAE-4781-BB4E-594B9641EE43}.Release|ARM.Build.0 = Release|ARM
		{2704088C-ECAE-4781-BB4E-594B9641EE43}.Release|ARM.Deploy.0 = Release|ARM
		{2704088C-ECAE-4781-BB4E-594B9641EE43}.Release|iPhone.ActiveCfg = Release|x86
		{2704088C-ECAE-4781-BB4E-594B9641EE43}.Release|iPhone.Build.0 = Release|x86
		{2704088C-ECAE-4781-BB4E-594B9641EE43}.Release|iPhone.Deploy.0 = Release|x86
		{2704088C-ECAE-4781-BB4E-594B9641EE43}.Release|iPhoneSimulator.ActiveCfg = Release|x86
		{2704088C-ECAE-4781-BB4E-594B9641EE43}.Release|iPhoneSimulator.Build.0 = Release|x86
		{2704088C-ECAE-4781-BB4E-594B9641EE43}.Release|iPhoneSimulator.Deploy.0 = Release|x86
		{2704088C-ECAE-4781-BB4E-594B9641EE43}.Release|x64.ActiveCfg = Release|x64
		{2704088C-ECAE-4781-BB4E-594B9641EE43}.Release|x64.Build.0 = Release|x64
		{2704088C-ECAE-4781-BB4E-594B9641EE43}.Release|x64.Deploy.0 = Release|x64
		{2704088C-ECAE-4781-BB4E-594B9641EE43}.Release|x86.ActiveCfg = Release|x86
		{2704088C-ECAE-4781-BB4E-594B9641EE43}.Release|x86.Build.0 = Release|x86
		{2704088C-ECAE-4781-BB4E-594B9641EE43}.Release|x86.Deploy.0 = Release|x86
		{0F9335AB-C8AF-4018-A184-929C0A8F7329}.Debug|Any CPU.ActiveCfg = Debug|Any CPU
		{0F9335AB-C8AF-4018-A184-929C0A8F7329}.Debug|Any CPU.Build.0 = Debug|Any CPU
		{0F9335AB-C8AF-4018-A184-929C0A8F7329}.Debug|Any CPU.Deploy.0 = Debug|Any CPU
		{0F9335AB-C8AF-4018-A184-929C0A8F7329}.Debug|ARM.ActiveCfg = Debug|Any CPU
		{0F9335AB-C8AF-4018-A184-929C0A8F7329}.Debug|ARM.Build.0 = Debug|Any CPU
		{0F9335AB-C8AF-4018-A184-929C0A8F7329}.Debug|ARM.Deploy.0 = Debug|Any CPU
		{0F9335AB-C8AF-4018-A184-929C0A8F7329}.Debug|iPhone.ActiveCfg = Debug|Any CPU
		{0F9335AB-C8AF-4018-A184-929C0A8F7329}.Debug|iPhone.Build.0 = Debug|Any CPU
		{0F9335AB-C8AF-4018-A184-929C0A8F7329}.Debug|iPhone.Deploy.0 = Debug|Any CPU
		{0F9335AB-C8AF-4018-A184-929C0A8F7329}.Debug|iPhoneSimulator.ActiveCfg = Debug|Any CPU
		{0F9335AB-C8AF-4018-A184-929C0A8F7329}.Debug|iPhoneSimulator.Build.0 = Debug|Any CPU
		{0F9335AB-C8AF-4018-A184-929C0A8F7329}.Debug|iPhoneSimulator.Deploy.0 = Debug|Any CPU
		{0F9335AB-C8AF-4018-A184-929C0A8F7329}.Debug|x64.ActiveCfg = Debug|Any CPU
		{0F9335AB-C8AF-4018-A184-929C0A8F7329}.Debug|x64.Build.0 = Debug|Any CPU
		{0F9335AB-C8AF-4018-A184-929C0A8F7329}.Debug|x64.Deploy.0 = Debug|Any CPU
		{0F9335AB-C8AF-4018-A184-929C0A8F7329}.Debug|x86.ActiveCfg = Debug|Any CPU
		{0F9335AB-C8AF-4018-A184-929C0A8F7329}.Debug|x86.Build.0 = Debug|Any CPU
		{0F9335AB-C8AF-4018-A184-929C0A8F7329}.Debug|x86.Deploy.0 = Debug|Any CPU
		{0F9335AB-C8AF-4018-A184-929C0A8F7329}.Release|Any CPU.ActiveCfg = Release|Any CPU
		{0F9335AB-C8AF-4018-A184-929C0A8F7329}.Release|Any CPU.Build.0 = Release|Any CPU
		{0F9335AB-C8AF-4018-A184-929C0A8F7329}.Release|Any CPU.Deploy.0 = Release|Any CPU
		{0F9335AB-C8AF-4018-A184-929C0A8F7329}.Release|ARM.ActiveCfg = Release|Any CPU
		{0F9335AB-C8AF-4018-A184-929C0A8F7329}.Release|ARM.Build.0 = Release|Any CPU
		{0F9335AB-C8AF-4018-A184-929C0A8F7329}.Release|ARM.Deploy.0 = Release|Any CPU
		{0F9335AB-C8AF-4018-A184-929C0A8F7329}.Release|iPhone.ActiveCfg = Release|Any CPU
		{0F9335AB-C8AF-4018-A184-929C0A8F7329}.Release|iPhone.Build.0 = Release|Any CPU
		{0F9335AB-C8AF-4018-A184-929C0A8F7329}.Release|iPhone.Deploy.0 = Release|Any CPU
		{0F9335AB-C8AF-4018-A184-929C0A8F7329}.Release|iPhoneSimulator.ActiveCfg = Release|Any CPU
		{0F9335AB-C8AF-4018-A184-929C0A8F7329}.Release|iPhoneSimulator.Build.0 = Release|Any CPU
		{0F9335AB-C8AF-4018-A184-929C0A8F7329}.Release|iPhoneSimulator.Deploy.0 = Release|Any CPU
		{0F9335AB-C8AF-4018-A184-929C0A8F7329}.Release|x64.ActiveCfg = Release|Any CPU
		{0F9335AB-C8AF-4018-A184-929C0A8F7329}.Release|x64.Build.0 = Release|Any CPU
		{0F9335AB-C8AF-4018-A184-929C0A8F7329}.Release|x64.Deploy.0 = Release|Any CPU
		{0F9335AB-C8AF-4018-A184-929C0A8F7329}.Release|x86.ActiveCfg = Release|Any CPU
		{0F9335AB-C8AF-4018-A184-929C0A8F7329}.Release|x86.Build.0 = Release|Any CPU
		{0F9335AB-C8AF-4018-A184-929C0A8F7329}.Release|x86.Deploy.0 = Release|Any CPU
		{6C727B07-7C27-420B-A62E-94D7FC910263}.Debug|Any CPU.ActiveCfg = Debug|iPhoneSimulator
		{6C727B07-7C27-420B-A62E-94D7FC910263}.Debug|Any CPU.Build.0 = Debug|iPhoneSimulator
		{6C727B07-7C27-420B-A62E-94D7FC910263}.Debug|Any CPU.Deploy.0 = Debug|iPhoneSimulator
		{6C727B07-7C27-420B-A62E-94D7FC910263}.Debug|ARM.ActiveCfg = Debug|iPhone
		{6C727B07-7C27-420B-A62E-94D7FC910263}.Debug|ARM.Build.0 = Debug|iPhone
		{6C727B07-7C27-420B-A62E-94D7FC910263}.Debug|ARM.Deploy.0 = Debug|iPhone
		{6C727B07-7C27-420B-A62E-94D7FC910263}.Debug|iPhone.ActiveCfg = Debug|iPhone
		{6C727B07-7C27-420B-A62E-94D7FC910263}.Debug|iPhone.Build.0 = Debug|iPhone
		{6C727B07-7C27-420B-A62E-94D7FC910263}.Debug|iPhone.Deploy.0 = Debug|iPhone
		{6C727B07-7C27-420B-A62E-94D7FC910263}.Debug|iPhoneSimulator.ActiveCfg = Debug|iPhoneSimulator
		{6C727B07-7C27-420B-A62E-94D7FC910263}.Debug|iPhoneSimulator.Build.0 = Debug|iPhoneSimulator
		{6C727B07-7C27-420B-A62E-94D7FC910263}.Debug|iPhoneSimulator.Deploy.0 = Debug|iPhoneSimulator
		{6C727B07-7C27-420B-A62E-94D7FC910263}.Debug|x64.ActiveCfg = Debug|iPhoneSimulator
		{6C727B07-7C27-420B-A62E-94D7FC910263}.Debug|x64.Build.0 = Debug|iPhoneSimulator
		{6C727B07-7C27-420B-A62E-94D7FC910263}.Debug|x64.Deploy.0 = Debug|iPhoneSimulator
		{6C727B07-7C27-420B-A62E-94D7FC910263}.Debug|x86.ActiveCfg = Debug|iPhoneSimulator
		{6C727B07-7C27-420B-A62E-94D7FC910263}.Debug|x86.Build.0 = Debug|iPhoneSimulator
		{6C727B07-7C27-420B-A62E-94D7FC910263}.Debug|x86.Deploy.0 = Debug|iPhoneSimulator
		{6C727B07-7C27-420B-A62E-94D7FC910263}.Release|Any CPU.ActiveCfg = Release|iPhoneSimulator
		{6C727B07-7C27-420B-A62E-94D7FC910263}.Release|Any CPU.Build.0 = Release|iPhoneSimulator
		{6C727B07-7C27-420B-A62E-94D7FC910263}.Release|Any CPU.Deploy.0 = Release|iPhoneSimulator
		{6C727B07-7C27-420B-A62E-94D7FC910263}.Release|ARM.ActiveCfg = Release|iPhoneSimulator
		{6C727B07-7C27-420B-A62E-94D7FC910263}.Release|ARM.Build.0 = Release|iPhoneSimulator
		{6C727B07-7C27-420B-A62E-94D7FC910263}.Release|ARM.Deploy.0 = Release|iPhoneSimulator
		{6C727B07-7C27-420B-A62E-94D7FC910263}.Release|iPhone.ActiveCfg = Release|iPhone
		{6C727B07-7C27-420B-A62E-94D7FC910263}.Release|iPhone.Build.0 = Release|iPhone
		{6C727B07-7C27-420B-A62E-94D7FC910263}.Release|iPhone.Deploy.0 = Release|iPhone
		{6C727B07-7C27-420B-A62E-94D7FC910263}.Release|iPhoneSimulator.ActiveCfg = Release|iPhoneSimulator
		{6C727B07-7C27-420B-A62E-94D7FC910263}.Release|iPhoneSimulator.Build.0 = Release|iPhoneSimulator
		{6C727B07-7C27-420B-A62E-94D7FC910263}.Release|iPhoneSimulator.Deploy.0 = Release|iPhoneSimulator
		{6C727B07-7C27-420B-A62E-94D7FC910263}.Release|x64.ActiveCfg = Release|iPhoneSimulator
		{6C727B07-7C27-420B-A62E-94D7FC910263}.Release|x64.Build.0 = Release|iPhoneSimulator
		{6C727B07-7C27-420B-A62E-94D7FC910263}.Release|x64.Deploy.0 = Release|iPhoneSimulator
		{6C727B07-7C27-420B-A62E-94D7FC910263}.Release|x86.ActiveCfg = Release|iPhoneSimulator
		{6C727B07-7C27-420B-A62E-94D7FC910263}.Release|x86.Build.0 = Release|iPhoneSimulator
		{6C727B07-7C27-420B-A62E-94D7FC910263}.Release|x86.Deploy.0 = Release|iPhoneSimulator
		{11BA0DA4-3BB3-453B-B9D6-10B418EA8A62}.Debug|Any CPU.ActiveCfg = Debug|Any CPU
		{11BA0DA4-3BB3-453B-B9D6-10B418EA8A62}.Debug|Any CPU.Build.0 = Debug|Any CPU
		{11BA0DA4-3BB3-453B-B9D6-10B418EA8A62}.Debug|Any CPU.Deploy.0 = Debug|Any CPU
		{11BA0DA4-3BB3-453B-B9D6-10B418EA8A62}.Debug|ARM.ActiveCfg = Debug|Any CPU
		{11BA0DA4-3BB3-453B-B9D6-10B418EA8A62}.Debug|ARM.Build.0 = Debug|Any CPU
		{11BA0DA4-3BB3-453B-B9D6-10B418EA8A62}.Debug|ARM.Deploy.0 = Debug|Any CPU
		{11BA0DA4-3BB3-453B-B9D6-10B418EA8A62}.Debug|iPhone.ActiveCfg = Debug|Any CPU
		{11BA0DA4-3BB3-453B-B9D6-10B418EA8A62}.Debug|iPhone.Build.0 = Debug|Any CPU
		{11BA0DA4-3BB3-453B-B9D6-10B418EA8A62}.Debug|iPhone.Deploy.0 = Debug|Any CPU
		{11BA0DA4-3BB3-453B-B9D6-10B418EA8A62}.Debug|iPhoneSimulator.ActiveCfg = Debug|Any CPU
		{11BA0DA4-3BB3-453B-B9D6-10B418EA8A62}.Debug|iPhoneSimulator.Build.0 = Debug|Any CPU
		{11BA0DA4-3BB3-453B-B9D6-10B418EA8A62}.Debug|iPhoneSimulator.Deploy.0 = Debug|Any CPU
		{11BA0DA4-3BB3-453B-B9D6-10B418EA8A62}.Debug|x64.ActiveCfg = Debug|Any CPU
		{11BA0DA4-3BB3-453B-B9D6-10B418EA8A62}.Debug|x64.Build.0 = Debug|Any CPU
		{11BA0DA4-3BB3-453B-B9D6-10B418EA8A62}.Debug|x64.Deploy.0 = Debug|Any CPU
		{11BA0DA4-3BB3-453B-B9D6-10B418EA8A62}.Debug|x86.ActiveCfg = Debug|Any CPU
		{11BA0DA4-3BB3-453B-B9D6-10B418EA8A62}.Debug|x86.Build.0 = Debug|Any CPU
		{11BA0DA4-3BB3-453B-B9D6-10B418EA8A62}.Debug|x86.Deploy.0 = Debug|Any CPU
		{11BA0DA4-3BB3-453B-B9D6-10B418EA8A62}.Release|Any CPU.ActiveCfg = Release|Any CPU
		{11BA0DA4-3BB3-453B-B9D6-10B418EA8A62}.Release|Any CPU.Build.0 = Release|Any CPU
		{11BA0DA4-3BB3-453B-B9D6-10B418EA8A62}.Release|Any CPU.Deploy.0 = Release|Any CPU
		{11BA0DA4-3BB3-453B-B9D6-10B418EA8A62}.Release|ARM.ActiveCfg = Release|Any CPU
		{11BA0DA4-3BB3-453B-B9D6-10B418EA8A62}.Release|ARM.Build.0 = Release|Any CPU
		{11BA0DA4-3BB3-453B-B9D6-10B418EA8A62}.Release|ARM.Deploy.0 = Release|Any CPU
		{11BA0DA4-3BB3-453B-B9D6-10B418EA8A62}.Release|iPhone.ActiveCfg = Release|Any CPU
		{11BA0DA4-3BB3-453B-B9D6-10B418EA8A62}.Release|iPhone.Build.0 = Release|Any CPU
		{11BA0DA4-3BB3-453B-B9D6-10B418EA8A62}.Release|iPhone.Deploy.0 = Release|Any CPU
		{11BA0DA4-3BB3-453B-B9D6-10B418EA8A62}.Release|iPhoneSimulator.ActiveCfg = Release|Any CPU
		{11BA0DA4-3BB3-453B-B9D6-10B418EA8A62}.Release|iPhoneSimulator.Build.0 = Release|Any CPU
		{11BA0DA4-3BB3-453B-B9D6-10B418EA8A62}.Release|iPhoneSimulator.Deploy.0 = Release|Any CPU
		{11BA0DA4-3BB3-453B-B9D6-10B418EA8A62}.Release|x64.ActiveCfg = Release|Any CPU
		{11BA0DA4-3BB3-453B-B9D6-10B418EA8A62}.Release|x64.Build.0 = Release|Any CPU
		{11BA0DA4-3BB3-453B-B9D6-10B418EA8A62}.Release|x64.Deploy.0 = Release|Any CPU
		{11BA0DA4-3BB3-453B-B9D6-10B418EA8A62}.Release|x86.ActiveCfg = Release|Any CPU
		{11BA0DA4-3BB3-453B-B9D6-10B418EA8A62}.Release|x86.Build.0 = Release|Any CPU
		{11BA0DA4-3BB3-453B-B9D6-10B418EA8A62}.Release|x86.Deploy.0 = Release|Any CPU
	EndGlobalSection
	GlobalSection(SolutionProperties) = preSolution
		HideSolutionNode = FALSE
	EndGlobalSection
	GlobalSection(ExtensibilityGlobals) = postSolution
		SolutionGuid = {2A73A52C-4E38-4107-BB40-1A94E19E9656}
	EndGlobalSection
EndGlobal
